
Microsoft Visual Studio Solution File, Format Version 12.00
# Visual Studio 14
VisualStudioVersion = 14.0.25420.1
MinimumVisualStudioVersion = 10.0.40219.1
Project("{FAE04EC0-301F-11D3-BF4B-00C04F79EFBC}") = "DotNetCoreReady", "DotNetCoreReady\DotNetCoreReady.csproj", "{FC060A85-EFDC-4835-8F64-22BFB9B00028}"
EndProject
Project("{FAE04EC0-301F-11D3-BF4B-00C04F79EFBC}") = "DotNetCoreReady.Tests", "DotNetCoreReady.Tests\DotNetCoreReady.Tests.csproj", "{ACBFE387-041F-4FE3-96DE-8D170DEFAD93}"
EndProject
Global
	GlobalSection(SolutionConfigurationPlatforms) = preSolution
		Debug|Any CPU = Debug|Any CPU
		Release|Any CPU = Release|Any CPU
	EndGlobalSection
	GlobalSection(ProjectConfigurationPlatforms) = postSolution
		{FC060A85-EFDC-4835-8F64-22BFB9B00028}.Debug|Any CPU.ActiveCfg = Debug|Any CPU
		{FC060A85-EFDC-4835-8F64-22BFB9B00028}.Debug|Any CPU.Build.0 = Debug|Any CPU
		{FC060A85-EFDC-4835-8F64-22BFB9B00028}.Release|Any CPU.ActiveCfg = Release|Any CPU
		{FC060A85-EFDC-4835-8F64-22BFB9B00028}.Release|Any CPU.Build.0 = Release|Any CPU
		{ACBFE387-041F-4FE3-96DE-8D170DEFAD93}.Debug|Any CPU.ActiveCfg = Debug|Any CPU
		{ACBFE387-041F-4FE3-96DE-8D170DEFAD93}.Debug|Any CPU.Build.0 = Debug|Any CPU
		{ACBFE387-041F-4FE3-96DE-8D170DEFAD93}.Release|Any CPU.ActiveCfg = Release|Any CPU
		{ACBFE387-041F-4FE3-96DE-8D170DEFAD93}.Release|Any CPU.Build.0 = Release|Any CPU
	EndGlobalSection
	GlobalSection(SolutionProperties) = preSolution
		HideSolutionNode = FALSE
	EndGlobalSection
EndGlobal
